Microsoft Visual Studio Solution File, Format Version 12.00
# Visual Studio Version 17
VisualStudioVersion = 17.5.2.0
MinimumVisualStudioVersion = 10.0.40219.1
Project("{FAE04EC0-301F-11D3-BF4B-00C04F79EFBC}") = "Aula1", "Aula1\Aula1.csproj", "{4CB80D81-E1EF-8610-2677-87C4B14B09F9}"
EndProject
Project("{FAE04EC0-301F-11D3-BF4B-00C04F79EFBC}") = "Aula2", "Aula2\Aula2.csproj", "{29396343-47EE-4171-B4B0-05E9BD331428}"
EndProject
Project("{FAE04EC0-301F-11D3-BF4B-00C04F79EFBC}") = "Aula3", "Aula3\Aula3.csproj", "{DC065F8D-CBC8-45E7-80E5-F2B4C03310DF}"
EndProject
Project("{2150E333-8FDC-42A3-9474-1A3956D46DE8}") = "WindowsForms", "WindowsForms", "{E49D2BEC-F82B-4638-87FB-3C2291413D09}"
EndProject
Project("{FAE04EC0-301F-11D3-BF4B-00C04F79EFBC}") = "exemploForm", "WindowsForms\exemploForm\exemploForm.csproj", "{2B6E148F-57AF-4B2A-820B-44DD5C60BBEB}"
EndProject
Project("{2150E333-8FDC-42A3-9474-1A3956D46DE8}") = "WindowsFormsAtividade", "WindowsFormsAtividade", "{D554AC8D-EADB-4499-B558-93A6B447E895}"
EndProject
Project("{FAE04EC0-301F-11D3-BF4B-00C04F79EFBC}") = "Crud_com_pagina", "WindowsFormsAtividade\Crud_com_pagina\Crud_com_pagina.csproj", "{2C71A8BE-A3A1-458A-B86A-1E21B7AB717C}"
EndProject
Global
	GlobalSection(SolutionConfigurationPlatforms) = preSolution
		Debug|Any CPU = Debug|Any CPU
		Release|Any CPU = Release|Any CPU
	EndGlobalSection
	GlobalSection(ProjectConfigurationPlatforms) = postSolution
		{4CB80D81-E1EF-8610-2677-87C4B14B09F9}.Debug|Any CPU.ActiveCfg = Debug|Any CPU
		{4CB80D81-E1EF-8610-2677-87C4B14B09F9}.Debug|Any CPU.Build.0 = Debug|Any CPU
		{4CB80D81-E1EF-8610-2677-87C4B14B09F9}.Release|Any CPU.ActiveCfg = Release|Any CPU
		{4CB80D81-E1EF-8610-2677-87C4B14B09F9}.Release|Any CPU.Build.0 = Release|Any CPU
		{29396343-47EE-4171-B4B0-05E9BD331428}.Debug|Any CPU.ActiveCfg = Debug|Any CPU
		{29396343-47EE-4171-B4B0-05E9BD331428}.Debug|Any CPU.Build.0 = Debug|Any CPU
		{29396343-47EE-4171-B4B0-05E9BD331428}.Release|Any CPU.ActiveCfg = Release|Any CPU
		{29396343-47EE-4171-B4B0-05E9BD331428}.Release|Any CPU.Build.0 = Release|Any CPU
		{DC065F8D-CBC8-45E7-80E5-F2B4C03310DF}.Debug|Any CPU.ActiveCfg = Debug|Any CPU
		{DC065F8D-CBC8-45E7-80E5-F2B4C03310DF}.Debug|Any CPU.Build.0 = Debug|Any CPU
		{DC065F8D-CBC8-45E7-80E5-F2B4C03310DF}.Release|Any CPU.ActiveCfg = Release|Any CPU
		{DC065F8D-CBC8-45E7-80E5-F2B4C03310DF}.Release|Any CPU.Build.0 = Release|Any CPU
		{2B6E148F-57AF-4B2A-820B-44DD5C60BBEB}.Debug|Any CPU.ActiveCfg = Debug|Any CPU
		{2B6E148F-57AF-4B2A-820B-44DD5C60BBEB}.Debug|Any CPU.Build.0 = Debug|Any CPU
		{2B6E148F-57AF-4B2A-820B-44DD5C60BBEB}.Release|Any CPU.ActiveCfg = Release|Any CPU
		{2B6E148F-57AF-4B2A-820B-44DD5C60BBEB}.Release|Any CPU.Build.0 = Release|Any CPU
		{2C71A8BE-A3A1-458A-B86A-1E21B7AB717C}.Debug|Any CPU.ActiveCfg = Debug|Any CPU
		{2C71A8BE-A3A1-458A-B86A-1E21B7AB717C}.Debug|Any CPU.Build.0 = Debug|Any CPU
		{2C71A8BE-A3A1-458A-B86A-1E21B7AB717C}.Release|Any CPU.ActiveCfg = Release|Any CPU
		{2C71A8BE-A3A1-458A-B86A-1E21B7AB717C}.Release|Any CPU.Build.0 = Release|Any CPU
	EndGlobalSection
	GlobalSection(SolutionProperties) = preSolution
		HideSolutionNode = FALSE
	EndGlobalSection
	GlobalSection(ExtensibilityGlobals) = postSolution
		SolutionGuid = {2E21933D-7564-421A-A59B-79F2AF92D152}
	EndGlobalSection
	GlobalSection(NestedProjects) = preSolution
		{2B6E148F-57AF-4B2A-820B-44DD5C60BBEB} = {E49D2BEC-F82B-4638-87FB-3C2291413D09}
		{2C71A8BE-A3A1-458A-B86A-1E21B7AB717C} = {D554AC8D-EADB-4499-B558-93A6B447E895}
	EndGlobalSection
EndGlobal
